
Microsoft Visual Studio Solution File, Format Version 12.00
# Visual Studio Version 17
VisualStudioVersion = 17.13.35919.96 d17.13
MinimumVisualStudioVersion = 10.0.40219.1
Project("{FAE04EC0-301F-11D3-BF4B-00C04F79EFBC}") = "Gorsel Programlama Timer", "Gorsel Programlama Timer\Gorsel Programlama Timer.csproj", "{7C188A26-AC8B-4154-9905-5A0651D26467}"
EndProject
Global
	GlobalSection(SolutionConfigurationPlatforms) = preSolution
		Debug|Any CPU = Debug|Any CPU
		Release|Any CPU = Release|Any CPU
	EndGlobalSection
	GlobalSection(ProjectConfigurationPlatforms) = postSolution
		{7C188A26-AC8B-4154-9905-5A0651D26467}.Debug|Any CPU.ActiveCfg = Debug|Any CPU
		{7C188A26-AC8B-4154-9905-5A0651D26467}.Debug|Any CPU.Build.0 = Debug|Any CPU
		{7C188A26-AC8B-4154-9905-5A0651D26467}.Release|Any CPU.ActiveCfg = Release|Any CPU
		{7C188A26-AC8B-4154-9905-5A0651D26467}.Release|Any CPU.Build.0 = Release|Any CPU
	EndGlobalSection
	GlobalSection(SolutionProperties) = preSolution
		HideSolutionNode = FALSE
	EndGlobalSection
	GlobalSection(ExtensibilityGlobals) = postSolution
		SolutionGuid = {50EC5D6B-A2DD-4676-AD04-2231DA3A2CF3}
	EndGlobalSection
EndGlobal
